
Microsoft Visual Studio Solution File, Format Version 12.00
# Visual Studio Version 16
VisualStudioVersion = 16.0.29519.87
MinimumVisualStudioVersion = 10.0.40219.1
Project("{9A19103F-16F7-4668-BE54-9A1E7A4F7556}") = "AdventOfCode2019.Puzzles", "AdventOfCode2019.Puzzles\AdventOfCode2019.Puzzles.csproj", "{91D12C3C-961F-47F2-B1B8-DF76CC36E0F1}"
EndProject
Project("{9A19103F-16F7-4668-BE54-9A1E7A4F7556}") = "AdventOfCode2019.Infrastructure", "AdventOfCode2019.Infrastructure\AdventOfCode2019.Infrastructure.csproj", "{17CC07F1-5AF1-4BBD-B6D9-3EF2974BE672}"
EndProject
Project("{9A19103F-16F7-4668-BE54-9A1E7A4F7556}") = "AdventOfCode2019.Runner", "AdventOfCode2019.Runner\AdventOfCode2019.Runner.csproj", "{C336C312-E94B-4176-851A-DC762334B05E}"
EndProject
Project("{9A19103F-16F7-4668-BE54-9A1E7A4F7556}") = "AdventOfCode2019.Puzzles.Tests", "AdventOfCode2019.Puzzles.Tests\AdventOfCode2019.Puzzles.Tests.csproj", "{7B1E799B-01C9-44DF-ADDD-DEF8A7DBA7EE}"
EndProject
Project("{9A19103F-16F7-4668-BE54-9A1E7A4F7556}") = "AdventOfCode2019.Puzzles.Intcode", "AdventOfCode2019.Puzzles.Intcode\AdventOfCode2019.Puzzles.Intcode.csproj", "{968DB32F-7874-4DBF-9BE2-E5278AED783F}"
EndProject
Project("{2150E333-8FDC-42A3-9474-1A3956D46DE8}") = "Solution Items", "Solution Items", "{6C400872-57DF-4D26-9F38-CFC5528E0FC2}"
	ProjectSection(SolutionItems) = preProject
		.editorconfig = .editorconfig
	EndProjectSection
EndProject
Global
	GlobalSection(SolutionConfigurationPlatforms) = preSolution
		Debug|Any CPU = Debug|Any CPU
		Release|Any CPU = Release|Any CPU
	EndGlobalSection
	GlobalSection(ProjectConfigurationPlatforms) = postSolution
		{91D12C3C-961F-47F2-B1B8-DF76CC36E0F1}.Debug|Any CPU.ActiveCfg = Debug|Any CPU
		{91D12C3C-961F-47F2-B1B8-DF76CC36E0F1}.Debug|Any CPU.Build.0 = Debug|Any CPU
		{91D12C3C-961F-47F2-B1B8-DF76CC36E0F1}.Release|Any CPU.ActiveCfg = Release|Any CPU
		{91D12C3C-961F-47F2-B1B8-DF76CC36E0F1}.Release|Any CPU.Build.0 = Release|Any CPU
		{17CC07F1-5AF1-4BBD-B6D9-3EF2974BE672}.Debug|Any CPU.ActiveCfg = Debug|Any CPU
		{17CC07F1-5AF1-4BBD-B6D9-3EF2974BE672}.Debug|Any CPU.Build.0 = Debug|Any CPU
		{17CC07F1-5AF1-4BBD-B6D9-3EF2974BE672}.Release|Any CPU.ActiveCfg = Release|Any CPU
		{17CC07F1-5AF1-4BBD-B6D9-3EF2974BE672}.Release|Any CPU.Build.0 = Release|Any CPU
		{C336C312-E94B-4176-851A-DC762334B05E}.Debug|Any CPU.ActiveCfg = Debug|Any CPU
		{C336C312-E94B-4176-851A-DC762334B05E}.Debug|Any CPU.Build.0 = Debug|Any CPU
		{C336C312-E94B-4176-851A-DC762334B05E}.Release|Any CPU.ActiveCfg = Release|Any CPU
		{C336C312-E94B-4176-851A-DC762334B05E}.Release|Any CPU.Build.0 = Release|Any CPU
		{7B1E799B-01C9-44DF-ADDD-DEF8A7DBA7EE}.Debug|Any CPU.ActiveCfg = Debug|Any CPU
		{7B1E799B-01C9-44DF-ADDD-DEF8A7DBA7EE}.Debug|Any CPU.Build.0 = Debug|Any CPU
		{7B1E799B-01C9-44DF-ADDD-DEF8A7DBA7EE}.Release|Any CPU.ActiveCfg = Release|Any CPU
		{7B1E799B-01C9-44DF-ADDD-DEF8A7DBA7EE}.Release|Any CPU.Build.0 = Release|Any CPU
		{968DB32F-7874-4DBF-9BE2-E5278AED783F}.Debug|Any CPU.ActiveCfg = Debug|Any CPU
		{968DB32F-7874-4DBF-9BE2-E5278AED783F}.Debug|Any CPU.Build.0 = Debug|Any CPU
		{968DB32F-7874-4DBF-9BE2-E5278AED783F}.Release|Any CPU.ActiveCfg = Release|Any CPU
		{968DB32F-7874-4DBF-9BE2-E5278AED783F}.Release|Any CPU.Build.0 = Release|Any CPU
	EndGlobalSection
	GlobalSection(SolutionProperties) = preSolution
		HideSolutionNode = FALSE
	EndGlobalSection
	GlobalSection(ExtensibilityGlobals) = postSolution
		SolutionGuid = {D8E62FFF-30B0-40D5-802C-BA7E15D7F734}
	EndGlobalSection
EndGlobal
